
Microsoft Visual Studio Solution File, Format Version 12.00
# Visual Studio Version 17
VisualStudioVersion = 17.2.32616.157
MinimumVisualStudioVersion = 10.0.40219.1
Project("{FAE04EC0-301F-11D3-BF4B-00C04F79EFBC}") = "TicTacToe", "TicTacToe.csproj", "{8D74AB9B-B093-4ABF-92D6-425F3E794B81}"
EndProject
Global
	GlobalSection(SolutionConfigurationPlatforms) = preSolution
		Debug|Any CPU = Debug|Any CPU
		Release|Any CPU = Release|Any CPU
	EndGlobalSection
	GlobalSection(ProjectConfigurationPlatforms) = postSolution
		{8D74AB9B-B093-4ABF-92D6-425F3E794B81}.Debug|Any CPU.ActiveCfg = Debug|Any CPU
		{8D74AB9B-B093-4ABF-92D6-425F3E794B81}.Debug|Any CPU.Build.0 = Debug|Any CPU
		{8D74AB9B-B093-4ABF-92D6-425F3E794B81}.Release|Any CPU.ActiveCfg = Release|Any CPU
		{8D74AB9B-B093-4ABF-92D6-425F3E794B81}.Release|Any CPU.Build.0 = Release|Any CPU
	EndGlobalSection
	GlobalSection(SolutionProperties) = preSolution
		HideSolutionNode = FALSE
	EndGlobalSection
	GlobalSection(ExtensibilityGlobals) = postSolution
		SolutionGuid = {5567218F-566D-435A-A451-8567EB0A870F}
	EndGlobalSection
EndGlobal
